
Microsoft Visual Studio Solution File, Format Version 12.00
# Visual Studio Version 16
VisualStudioVersion = 16.0.32106.194
MinimumVisualStudioVersion = 10.0.40219.1
Project("{FAE04EC0-301F-11D3-BF4B-00C04F79EFBC}") = "ModelDemo", "ModelDemo\ModelDemo.csproj", "{654E771A-2E26-41B7-8115-794CDC769301}"
EndProject
Global
	GlobalSection(SolutionConfigurationPlatforms) = preSolution
		Debug|Any CPU = Debug|Any CPU
		Release|Any CPU = Release|Any CPU
	EndGlobalSection
	GlobalSection(ProjectConfigurationPlatforms) = postSolution
		{654E771A-2E26-41B7-8115-794CDC769301}.Debug|Any CPU.ActiveCfg = Debug|Any CPU
		{654E771A-2E26-41B7-8115-794CDC769301}.Debug|Any CPU.Build.0 = Debug|Any CPU
		{654E771A-2E26-41B7-8115-794CDC769301}.Release|Any CPU.ActiveCfg = Release|Any CPU
		{654E771A-2E26-41B7-8115-794CDC769301}.Release|Any CPU.Build.0 = Release|Any CPU
	EndGlobalSection
	GlobalSection(SolutionProperties) = preSolution
		HideSolutionNode = FALSE
	EndGlobalSection
	GlobalSection(ExtensibilityGlobals) = postSolution
		SolutionGuid = {D7C0B38D-2B6D-40AC-91FC-97192268D276}
	EndGlobalSection
EndGlobal
